// !$*UTF8*$!
{
	archiveVersion = 1;
	classes = {
	};
	objectVersion = 50;
	objects = {

/* Begin PBXBuildFile section */
		EDD34D58213AB5BD00C449DE /* AppDelegate.swift in Sources */ = {isa = PBXBuildFile; fileRef = EDD34D57213AB5BD00C449DE /* AppDelegate.swift */; };
		EDD34D60213AB5BD00C449DE /* SKILL_TEST.xcdatamodeld in Sources */ = {isa = PBXBuildFile; fileRef = EDD34D5E213AB5BD00C449DE /* SKILL_TEST.xcdatamodeld */; };
		EDD34D62213AB5BF00C449DE /* Assets.xcassets in Resources */ = {isa = PBXBuildFile; fileRef = EDD34D61213AB5BF00C449DE /* Assets.xcassets */; };
		EDD34D65213AB5BF00C449DE /* LaunchScreen.storyboard in Resources */ = {isa = PBXBuildFile; fileRef = EDD34D63213AB5BF00C449DE /* LaunchScreen.storyboard */; };
		EDD34D74213ABDD200C449DE /* UserlListCellModel.swift in Sources */ = {isa = PBXBuildFile; fileRef = EDD34D73213ABDD200C449DE /* UserlListCellModel.swift */; };
		EDD34D76213ABE3E00C449DE /* UserService.swift in Sources */ = {isa = PBXBuildFile; fileRef = EDD34D75213ABE3E00C449DE /* UserService.swift */; };
		EDD34D78213ABE8100C449DE /* UserEntity.swift in Sources */ = {isa = PBXBuildFile; fileRef = EDD34D77213ABE8100C449DE /* UserEntity.swift */; };
		EDD34D7B213AC6C300C449DE /* CellPresentableModel.swift in Sources */ = {isa = PBXBuildFile; fileRef = EDD34D7A213AC6C300C449DE /* CellPresentableModel.swift */; };
		EDD34D80213ACC9A00C449DE /* UserListViewController.swift in Sources */ = {isa = PBXBuildFile; fileRef = EDD34D7E213ACC9A00C449DE /* UserListViewController.swift */; };
		EDD34D81213ACC9A00C449DE /* UserListViewController.xib in Resources */ = {isa = PBXBuildFile; fileRef = EDD34D7F213ACC9A00C449DE /* UserListViewController.xib */; };
		EDD34D84213ACF5D00C449DE /* Errors.swift in Sources */ = {isa = PBXBuildFile; fileRef = EDD34D83213ACF5D00C449DE /* Errors.swift */; };
		EDD34D86213ACF8D00C449DE /* Result.swift in Sources */ = {isa = PBXBuildFile; fileRef = EDD34D85213ACF8D00C449DE /* Result.swift */; };
		EDD34D88213ACFB100C449DE /* UserListFactory.swift in Sources */ = {isa = PBXBuildFile; fileRef = EDD34D87213ACFB100C449DE /* UserListFactory.swift */; };
		EDD34D8A213AD15D00C449DE /* UserListInteractor.swift in Sources */ = {isa = PBXBuildFile; fileRef = EDD34D89213AD15D00C449DE /* UserListInteractor.swift */; };
		EDD34D8C213AD37700C449DE /* UserListPresenter.swift in Sources */ = {isa = PBXBuildFile; fileRef = EDD34D8B213AD37700C449DE /* UserListPresenter.swift */; };
		EDD34D8E213AD88500C449DE /* UserListRouter.swift in Sources */ = {isa = PBXBuildFile; fileRef = EDD34D8D213AD88500C449DE /* UserListRouter.swift */; };
		EDD34D93213AD94800C449DE /* ChatViewController.swift in Sources */ = {isa = PBXBuildFile; fileRef = EDD34D91213AD94800C449DE /* ChatViewController.swift */; };
		EDD34D94213AD94800C449DE /* ChatViewController.xib in Resources */ = {isa = PBXBuildFile; fileRef = EDD34D92213AD94800C449DE /* ChatViewController.xib */; };
		EDD34D96213AE45200C449DE /* ChatService.swift in Sources */ = {isa = PBXBuildFile; fileRef = EDD34D95213AE45200C449DE /* ChatService.swift */; };
		EDD34D99213AE97C00C449DE /* MyTableViewCell.swift in Sources */ = {isa = PBXBuildFile; fileRef = EDD34D97213AE97C00C449DE /* MyTableViewCell.swift */; };
		EDD34D9A213AE97C00C449DE /* MyTableViewCell.xib in Resources */ = {isa = PBXBuildFile; fileRef = EDD34D98213AE97C00C449DE /* MyTableViewCell.xib */; };
		EDD34D9D213AE98B00C449DE /* OtherTableViewCell.swift in Sources */ = {isa = PBXBuildFile; fileRef = EDD34D9B213AE98B00C449DE /* OtherTableViewCell.swift */; };
		EDD34D9E213AE98B00C449DE /* OtherTableViewCell.xib in Resources */ = {isa = PBXBuildFile; fileRef = EDD34D9C213AE98B00C449DE /* OtherTableViewCell.xib */; };
		EDD34DA1213AECF900C449DE /* MyTableViewCell+Model.swift in Sources */ = {isa = PBXBuildFile; fileRef = EDD34DA0213AECF900C449DE /* MyTableViewCell+Model.swift */; };
		EDD34DA3213AEE3800C449DE /* OtherTableViewCell+Model.swift in Sources */ = {isa = PBXBuildFile; fileRef = EDD34DA2213AEE3800C449DE /* OtherTableViewCell+Model.swift */; };
/* End PBXBuildFile section */

/* Begin PBXFileReference section */
		EDD34D54213AB5BD00C449DE /* SKILL_TEST.app */ = {isa = PBXFileReference; explicitFileType = wrapper.application; includeInIndex = 0; path = SKILL_TEST.app; sourceTree = BUILT_PRODUCTS_DIR; };
		EDD34D57213AB5BD00C449DE /* AppDelegate.swift */ = {isa = PBXFileReference; lastKnownFileType = sourcecode.swift; path = AppDelegate.swift; sourceTree = "<group>"; };
		EDD34D5F213AB5BD00C449DE /* SKILL_TEST.xcdatamodel */ = {isa = PBXFileReference; lastKnownFileType = wrapper.xcdatamodel; path = SKILL_TEST.xcdatamodel; sourceTree = "<group>"; };
		EDD34D61213AB5BF00C449DE /* Assets.xcassets */ = {isa = PBXFileReference; lastKnownFileType = folder.assetcatalog; path = Assets.xcassets; sourceTree = "<group>"; };
		EDD34D64213AB5BF00C449DE /* Base */ = {isa = PBXFileReference; lastKnownFileType = file.storyboard; name = Base; path = Base.lproj/LaunchScreen.storyboard; sourceTree = "<group>"; };
		EDD34D66213AB5BF00C449DE /* Info.plist */ = {isa = PBXFileReference; lastKnownFileType = text.plist.xml; path = Info.plist; sourceTree = "<group>"; };
		EDD34D73213ABDD200C449DE /* UserlListCellModel.swift */ = {isa = PBXFileReference; lastKnownFileType = sourcecode.swift; path = UserlListCellModel.swift; sourceTree = "<group>"; };
		EDD34D75213ABE3E00C449DE /* UserService.swift */ = {isa = PBXFileReference; lastKnownFileType = sourcecode.swift; path = UserService.swift; sourceTree = "<group>"; };
		EDD34D77213ABE8100C449DE /* UserEntity.swift */ = {isa = PBXFileReference; lastKnownFileType = sourcecode.swift; path = UserEntity.swift; sourceTree = "<group>"; };
		EDD34D7A213AC6C300C449DE /* CellPresentableModel.swift */ = {isa = PBXFileReference; lastKnownFileType = sourcecode.swift; path = CellPresentableModel.swift; sourceTree = "<group>"; };
		EDD34D7E213ACC9A00C449DE /* UserListViewController.swift */ = {isa = PBXFileReference; lastKnownFileType = sourcecode.swift; path = UserListViewController.swift; sourceTree = "<group>"; };
		EDD34D7F213ACC9A00C449DE /* UserListViewController.xib */ = {isa = PBXFileReference; lastKnownFileType = file.xib; path = UserListViewController.xib; sourceTree = "<group>"; };
		EDD34D83213ACF5D00C449DE /* Errors.swift */ = {isa = PBXFileReference; lastKnownFileType = sourcecode.swift; path = Errors.swift; sourceTree = "<group>"; };
		EDD34D85213ACF8D00C449DE /* Result.swift */ = {isa = PBXFileReference; lastKnownFileType = sourcecode.swift; path = Result.swift; sourceTree = "<group>"; };
		EDD34D87213ACFB100C449DE /* UserListFactory.swift */ = {isa = PBXFileReference; lastKnownFileType = sourcecode.swift; path = UserListFactory.swift; sourceTree = "<group>"; };
		EDD34D89213AD15D00C449DE /* UserListInteractor.swift */ = {isa = PBXFileReference; lastKnownFileType = sourcecode.swift; path = UserListInteractor.swift; sourceTree = "<group>"; };
		EDD34D8B213AD37700C449DE /* UserListPresenter.swift */ = {isa = PBXFileReference; lastKnownFileType = sourcecode.swift; path = UserListPresenter.swift; sourceTree = "<group>"; };
		EDD34D8D213AD88500C449DE /* UserListRouter.swift */ = {isa = PBXFileReference; lastKnownFileType = sourcecode.swift; path = UserListRouter.swift; sourceTree = "<group>"; };
		EDD34D91213AD94800C449DE /* ChatViewController.swift */ = {isa = PBXFileReference; lastKnownFileType = sourcecode.swift; path = ChatViewController.swift; sourceTree = "<group>"; };
		EDD34D92213AD94800C449DE /* ChatViewController.xib */ = {isa = PBXFileReference; lastKnownFileType = file.xib; path = ChatViewController.xib; sourceTree = "<group>"; };
		EDD34D95213AE45200C449DE /* ChatService.swift */ = {isa = PBXFileReference; lastKnownFileType = sourcecode.swift; path = ChatService.swift; sourceTree = "<group>"; };
		EDD34D97213AE97C00C449DE /* MyTableViewCell.swift */ = {isa = PBXFileReference; lastKnownFileType = sourcecode.swift; path = MyTableViewCell.swift; sourceTree = "<group>"; };
		EDD34D98213AE97C00C449DE /* MyTableViewCell.xib */ = {isa = PBXFileReference; lastKnownFileType = file.xib; path = MyTableViewCell.xib; sourceTree = "<group>"; };
		EDD34D9B213AE98B00C449DE /* OtherTableViewCell.swift */ = {isa = PBXFileReference; lastKnownFileType = sourcecode.swift; path = OtherTableViewCell.swift; sourceTree = "<group>"; };
		EDD34D9C213AE98B00C449DE /* OtherTableViewCell.xib */ = {isa = PBXFileReference; lastKnownFileType = file.xib; path = OtherTableViewCell.xib; sourceTree = "<group>"; };
		EDD34DA0213AECF900C449DE /* MyTableViewCell+Model.swift */ = {isa = PBXFileReference; lastKnownFileType = sourcecode.swift; path = "MyTableViewCell+Model.swift"; sourceTree = "<group>"; };
		EDD34DA2213AEE3800C449DE /* OtherTableViewCell+Model.swift */ = {isa = PBXFileReference; lastKnownFileType = sourcecode.swift; path = "OtherTableViewCell+Model.swift"; sourceTree = "<group>"; };
/* End PBXFileReference section */

/* Begin PBXFrameworksBuildPhase section */
		EDD34D51213AB5BD00C449DE /* Frameworks */ = {
			isa = PBXFrameworksBuildPhase;
			buildActionMask = 2147483647;
			files = (
			);
			runOnlyForDeploymentPostprocessing = 0;
		};
/* End PBXFrameworksBuildPhase section */

/* Begin PBXGroup section */
		EDD34D4B213AB5BD00C449DE = {
			isa = PBXGroup;
			children = (
				EDD34D56213AB5BD00C449DE /* SKILL_TEST */,
				EDD34D55213AB5BD00C449DE /* Products */,
			);
			sourceTree = "<group>";
		};
		EDD34D55213AB5BD00C449DE /* Products */ = {
			isa = PBXGroup;
			children = (
				EDD34D54213AB5BD00C449DE /* SKILL_TEST.app */,
			);
			name = Products;
			sourceTree = "<group>";
		};
		EDD34D56213AB5BD00C449DE /* SKILL_TEST */ = {
			isa = PBXGroup;
			children = (
				EDD34D90213AD92800C449DE /* Modules */,
				EDD34D57213AB5BD00C449DE /* AppDelegate.swift */,
				EDD34D61213AB5BF00C449DE /* Assets.xcassets */,
				EDD34D63213AB5BF00C449DE /* LaunchScreen.storyboard */,
				EDD34D66213AB5BF00C449DE /* Info.plist */,
				EDD34D5E213AB5BD00C449DE /* SKILL_TEST.xcdatamodeld */,
				EDD34D83213ACF5D00C449DE /* Errors.swift */,
				EDD34D7A213AC6C300C449DE /* CellPresentableModel.swift */,
				EDD34D85213ACF8D00C449DE /* Result.swift */,
			);
			path = SKILL_TEST;
			sourceTree = "<group>";
		};
		EDD34D6C213ABB6600C449DE /* UserList */ = {
			isa = PBXGroup;
			children = (
				EDD34D73213ABDD200C449DE /* UserlListCellModel.swift */,
				EDD34D89213AD15D00C449DE /* UserListInteractor.swift */,
				EDD34D8B213AD37700C449DE /* UserListPresenter.swift */,
				EDD34D7E213ACC9A00C449DE /* UserListViewController.swift */,
				EDD34D75213ABE3E00C449DE /* UserService.swift */,
				EDD34D77213ABE8100C449DE /* UserEntity.swift */,
				EDD34D7F213ACC9A00C449DE /* UserListViewController.xib */,
				EDD34D87213ACFB100C449DE /* UserListFactory.swift */,
				EDD34D8D213AD88500C449DE /* UserListRouter.swift */,
			);
			path = UserList;
			sourceTree = "<group>";
		};
		EDD34D8F213AD91000C449DE /* Chat */ = {
			isa = PBXGroup;
			children = (
				EDD34D9F213AECD800C449DE /* Cells */,
				EDD34D91213AD94800C449DE /* ChatViewController.swift */,
				EDD34D92213AD94800C449DE /* ChatViewController.xib */,
				EDD34D95213AE45200C449DE /* ChatService.swift */,
			);
			path = Chat;
			sourceTree = "<group>";
		};
		EDD34D90213AD92800C449DE /* Modules */ = {
			isa = PBXGroup;
			children = (
				EDD34D8F213AD91000C449DE /* Chat */,
				EDD34D6C213ABB6600C449DE /* UserList */,
			);
			path = Modules;
			sourceTree = "<group>";
		};
		EDD34D9F213AECD800C449DE /* Cells */ = {
			isa = PBXGroup;
			children = (
				EDD34DA0213AECF900C449DE /* MyTableViewCell+Model.swift */,
				EDD34D97213AE97C00C449DE /* MyTableViewCell.swift */,
				EDD34D98213AE97C00C449DE /* MyTableViewCell.xib */,
				EDD34DA2213AEE3800C449DE /* OtherTableViewCell+Model.swift */,
				EDD34D9B213AE98B00C449DE /* OtherTableViewCell.swift */,
				EDD34D9C213AE98B00C449DE /* OtherTableViewCell.xib */,
			);
			path = Cells;
			sourceTree = "<group>";
		};
/* End PBXGroup section */

/* Begin PBXNativeTarget section */
		EDD34D53213AB5BD00C449DE /* SKILL_TEST */ = {
			isa = PBXNativeTarget;
			buildConfigurationList = EDD34D69213AB5BF00C449DE /* Build configuration list for PBXNativeTarget "SKILL_TEST" */;
			buildPhases = (
				EDD34D50213AB5BD00C449DE /* Sources */,
				EDD34D51213AB5BD00C449DE /* Frameworks */,
				EDD34D52213AB5BD00C449DE /* Resources */,
			);
			buildRules = (
			);
			dependencies = (
			);
			name = SKILL_TEST;
			productName = SKILL_TEST;
			productReference = EDD34D54213AB5BD00C449DE /* SKILL_TEST.app */;
			productType = "com.apple.product-type.application";
		};
/* End PBXNativeTarget section */

/* Begin PBXProject section */
		EDD34D4C213AB5BD00C449DE /* Project object */ = {
			isa = PBXProject;
			attributes = {
				LastSwiftUpdateCheck = 0940;
				LastUpgradeCheck = 0940;
				ORGANIZATIONNAME = "Kirill Chuyanov";
				TargetAttributes = {
					EDD34D53213AB5BD00C449DE = {
						CreatedOnToolsVersion = 9.4.1;
					};
				};
			};
			buildConfigurationList = EDD34D4F213AB5BD00C449DE /* Build configuration list for PBXProject "SKILL_TEST" */;
			compatibilityVersion = "Xcode 9.3";
			developmentRegion = en;
			hasScannedForEncodings = 0;
			knownRegions = (
				en,
				Base,
			);
			mainGroup = EDD34D4B213AB5BD00C449DE;
			productRefGroup = EDD34D55213AB5BD00C449DE /* Products */;
			projectDirPath = "";
			projectRoot = "";
			targets = (
				EDD34D53213AB5BD00C449DE /* SKILL_TEST */,
			);
		};
/* End PBXProject section */

/* Begin PBXResourcesBuildPhase section */
		EDD34D52213AB5BD00C449DE /* Resources */ = {
			isa = PBXResourcesBuildPhase;
			buildActionMask = 2147483647;
			files = (
				EDD34D9E213AE98B00C449DE /* OtherTableViewCell.xib in Resources */,
				EDD34D9A213AE97C00C449DE /* MyTableViewCell.xib in Resources */,
				EDD34D65213AB5BF00C449DE /* LaunchScreen.storyboard in Resources */,
				EDD34D81213ACC9A00C449DE /* UserListViewController.xib in Resources */,
				EDD34D94213AD94800C449DE /* ChatViewController.xib in Resources */,
				EDD34D62213AB5BF00C449DE /* Assets.xcassets in Resources */,
			);
			runOnlyForDeploymentPostprocessing = 0;
		};
/* End PBXResourcesBuildPhase section */

/* Begin PBXSourcesBuildPhase section */
		EDD34D50213AB5BD00C449DE /* Sources */ = {
			isa = PBXSourcesBuildPhase;
			buildActionMask = 2147483647;
			files = (
				EDD34D86213ACF8D00C449DE /* Result.swift in Sources */,
				EDD34D8C213AD37700C449DE /* UserListPresenter.swift in Sources */,
				EDD34D8A213AD15D00C449DE /* UserListInteractor.swift in Sources */,
				EDD34D80213ACC9A00C449DE /* UserListViewController.swift in Sources */,
				EDD34D60213AB5BD00C449DE /* SKILL_TEST.xcdatamodeld in Sources */,
				EDD34D88213ACFB100C449DE /* UserListFactory.swift in Sources */,
				EDD34D76213ABE3E00C449DE /* UserService.swift in Sources */,
				EDD34D78213ABE8100C449DE /* UserEntity.swift in Sources */,
				EDD34D96213AE45200C449DE /* ChatService.swift in Sources */,
				EDD34DA1213AECF900C449DE /* MyTableViewCell+Model.swift in Sources */,
				EDD34D99213AE97C00C449DE /* MyTableViewCell.swift in Sources */,
				EDD34D9D213AE98B00C449DE /* OtherTableViewCell.swift in Sources */,
				EDD34D84213ACF5D00C449DE /* Errors.swift in Sources */,
				EDD34DA3213AEE3800C449DE /* OtherTableViewCell+Model.swift in Sources */,
				EDD34D7B213AC6C300C449DE /* CellPresentableModel.swift in Sources */,
				EDD34D93213AD94800C449DE /* ChatViewController.swift in Sources */,
				EDD34D58213AB5BD00C449DE /* AppDelegate.swift in Sources */,
				EDD34D74213ABDD200C449DE /* UserlListCellModel.swift in Sources */,
				EDD34D8E213AD88500C449DE /* UserListRouter.swift in Sources */,
			);
			runOnlyForDeploymentPostprocessing = 0;
		};
/* End PBXSourcesBuildPhase section */

/* Begin PBXVariantGroup section */
		EDD34D63213AB5BF00C449DE /* LaunchScreen.storyboard */ = {
			isa = PBXVariantGroup;
			children = (
				EDD34D64213AB5BF00C449DE /* Base */,
			);
			name = LaunchScreen.storyboard;
			sourceTree = "<group>";
		};
/* End PBXVariantGroup section */

/* Begin XCBuildConfiguration section */
		EDD34D67213AB5BF00C449DE /* Debug */ = {
			isa = XCBuildConfiguration;
			buildSettings = {
				ALWAYS_SEARCH_USER_PATHS = NO;
				CLANG_ANALYZER_NONNULL = YES;
				CLANG_ANALYZER_NUMBER_OBJECT_CONVERSION = YES_AGGRESSIVE;
				CLANG_CXX_LANGUAGE_STANDARD = "gnu++14";
				CLANG_CXX_LIBRARY = "libc++";
				CLANG_ENABLE_MODULES = YES;
				CLANG_ENABLE_OBJC_ARC = YES;
				CLANG_ENABLE_OBJC_WEAK = YES;
				CLANG_WARN_BLOCK_CAPTURE_AUTORELEASING = YES;
				CLANG_WARN_BOOL_CONVERSION = YES;
				CLANG_WARN_COMMA = YES;
				CLANG_WARN_CONSTANT_CONVERSION = YES;
				CLANG_WARN_DEPRECATED_OBJC_IMPLEMENTATIONS = YES;
				CLANG_WARN_DIRECT_OBJC_ISA_USAGE = YES_ERROR;
				CLANG_WARN_DOCUMENTATION_COMMENTS = YES;
				CLANG_WARN_EMPTY_BODY = YES;
				CLANG_WARN_ENUM_CONVERSION = YES;
				CLANG_WARN_INFINITE_RECURSION = YES;
				CLANG_WARN_INT_CONVERSION = YES;
				CLANG_WARN_NON_LITERAL_NULL_CONVERSION = YES;
				CLANG_WARN_OBJC_IMPLICIT_RETAIN_SELF = YES;
				CLANG_WARN_OBJC_LITERAL_CONVERSION = YES;
				CLANG_WARN_OBJC_ROOT_CLASS = YES_ERROR;
				CLANG_WARN_RANGE_LOOP_ANALYSIS = YES;
				CLANG_WARN_STRICT_PROTOTYPES = YES;
				CLANG_WARN_SUSPICIOUS_MOVE = YES;
				CLANG_WARN_UNGUARDED_AVAILABILITY = YES_AGGRESSIVE;
				CLANG_WARN_UNREACHABLE_CODE = YES;
				CLANG_WARN__DUPLICATE_METHOD_MATCH = YES;
				CODE_SIGN_IDENTITY = "iPhone Developer";
				COPY_PHASE_STRIP = NO;
				DEBUG_INFORMATION_FORMAT = dwarf;
				ENABLE_STRICT_OBJC_MSGSEND = YES;
				ENABLE_TESTABILITY = YES;
				GCC_C_LANGUAGE_STANDARD = gnu11;
				GCC_DYNAMIC_NO_PIC = NO;
				GCC_NO_COMMON_BLOCKS = YES;
				GCC_OPTIMIZATION_LEVEL = 0;
				GCC_PREPROCESSOR_DEFINITIONS = (
					"DEBUG=1",
					"$(inherited)",
				);
				GCC_WARN_64_TO_32_BIT_CONVERSION = YES;
				GCC_WARN_ABOUT_RETURN_TYPE = YES_ERROR;
				GCC_WARN_UNDECLARED_SELECTOR = YES;
				GCC_WARN_UNINITIALIZED_AUTOS = YES_AGGRESSIVE;
				GCC_WARN_UNUSED_FUNCTION = YES;
				GCC_WARN_UNUSED_VARIABLE = YES;
				IPHONEOS_DEPLOYMENT_TARGET = 11.4;
				MTL_ENABLE_DEBUG_INFO = YES;
				ONLY_ACTIVE_ARCH = YES;
				SDKROOT = iphoneos;
				SWIFT_ACTIVE_COMPILATION_CONDITIONS = DEBUG;
				SWIFT_OPTIMIZATION_LEVEL = "-Onone";
			};
			name = Debug;
		};
		EDD34D68213AB5BF00C449DE /* Release */ = {
			isa = XCBuildConfiguration;
			buildSettings = {
				ALWAYS_SEARCH_USER_PATHS = NO;
				CLANG_ANALYZER_NONNULL = YES;
				CLANG_ANALYZER_NUMBER_OBJECT_CONVERSION = YES_AGGRESSIVE;
				CLANG_CXX_LANGUAGE_STANDARD = "gnu++14";
				CLANG_CXX_LIBRARY = "libc++";
				CLANG_ENABLE_MODULES = YES;
				CLANG_ENABLE_OBJC_ARC = YES;
				CLANG_ENABLE_OBJC_WEAK = YES;
				CLANG_WARN_BLOCK_CAPTURE_AUTORELEASING = YES;
				CLANG_WARN_BOOL_CONVERSION = YES;
				CLANG_WARN_COMMA = YES;
				CLANG_WARN_CONSTANT_CONVERSION = YES;
				CLANG_WARN_DEPRECATED_OBJC_IMPLEMENTATIONS = YES;
				CLANG_WARN_DIRECT_OBJC_ISA_USAGE = YES_ERROR;
				CLANG_WARN_DOCUMENTATION_COMMENTS = YES;
				CLANG_WARN_EMPTY_BODY = YES;
				CLANG_WARN_ENUM_CONVERSION = YES;
				CLANG_WARN_INFINITE_RECURSION = YES;
				CLANG_WARN_INT_CONVERSION = YES;
				CLANG_WARN_NON_LITERAL_NULL_CONVERSION = YES;
				CLANG_WARN_OBJC_IMPLICIT_RETAIN_SELF = YES;
				CLANG_WARN_OBJC_LITERAL_CONVERSION = YES;
				CLANG_WARN_OBJC_ROOT_CLASS = YES_ERROR;
				CLANG_WARN_RANGE_LOOP_ANALYSIS = YES;
				CLANG_WARN_STRICT_PROTOTYPES = YES;
				CLANG_WARN_SUSPICIOUS_MOVE = YES;
				CLANG_WARN_UNGUARDED_AVAILABILITY = YES_AGGRESSIVE;
				CLANG_WARN_UNREACHABLE_CODE = YES;
				CLANG_WARN__DUPLICATE_METHOD_MATCH = YES;
				CODE_SIGN_IDENTITY = "iPhone Developer";
				COPY_PHASE_STRIP = NO;
				DEBUG_INFORMATION_FORMAT = "dwarf-with-dsym";
				ENABLE_NS_ASSERTIONS = NO;
				ENABLE_STRICT_OBJC_MSGSEND = YES;
				GCC_C_LANGUAGE_STANDARD = gnu11;
				GCC_NO_COMMON_BLOCKS = YES;
				GCC_WARN_64_TO_32_BIT_CONVERSION = YES;
				GCC_WARN_ABOUT_RETURN_TYPE = YES_ERROR;
				GCC_WARN_UNDECLARED_SELECTOR = YES;
				GCC_WARN_UNINITIALIZED_AUTOS = YES_AGGRESSIVE;
				GCC_WARN_UNUSED_FUNCTION = YES;
				GCC_WARN_UNUSED_VARIABLE = YES;
				IPHONEOS_DEPLOYMENT_TARGET = 11.4;
				MTL_ENABLE_DEBUG_INFO = NO;
				SDKROOT = iphoneos;
				SWIFT_COMPILATION_MODE = wholemodule;
				SWIFT_OPTIMIZATION_LEVEL = "-O";
				VALIDATE_PRODUCT = YES;
			};
			name = Release;
		};
		EDD34D6A213AB5BF00C449DE /* Debug */ = {
			isa = XCBuildConfiguration;
			buildSettings = {
				ASSETCATALOG_COMPILER_APPICON_NAME = AppIcon;
				CODE_SIGN_STYLE = Automatic;
				DEVELOPMENT_TEAM = 4AY3B49542;
				INFOPLIST_FILE = SKILL_TEST/Info.plist;
				LD_RUNPATH_SEARCH_PATHS = (
					"$(inherited)",
					"@executable_path/Frameworks",
				);
				PRODUCT_BUNDLE_IDENTIFIER = "com.kezarr.SKILL-TEST";
				PRODUCT_NAME = "$(TARGET_NAME)";
				SWIFT_VERSION = 4.0;
				TARGETED_DEVICE_FAMILY = "1,2";
			};
			name = Debug;
		};
		EDD34D6B213AB5BF00C449DE /* Release */ = {
			isa = XCBuildConfiguration;
			buildSettings = {
				ASSETCATALOG_COMPILER_APPICON_NAME = AppIcon;
				CODE_SIGN_STYLE = Automatic;
				DEVELOPMENT_TEAM = 4AY3B49542;
				INFOPLIST_FILE = SKILL_TEST/Info.plist;
				LD_RUNPATH_SEARCH_PATHS = (
					"$(inherited)",
					"@executable_path/Frameworks",
				);
				PRODUCT_BUNDLE_IDENTIFIER = "com.kezarr.SKILL-TEST";
				PRODUCT_NAME = "$(TARGET_NAME)";
				SWIFT_VERSION = 4.0;
				TARGETED_DEVICE_FAMILY = "1,2";
			};
			name = Release;
		};
/* End XCBuildConfiguration section */

/* Begin XCConfigurationList section */
		EDD34D4F213AB5BD00C449DE /* Build configuration list for PBXProject "SKILL_TEST" */ = {
			isa = XCConfigurationList;
			buildConfigurations = (
				EDD34D67213AB5BF00C449DE /* Debug */,
				EDD34D68213AB5BF00C449DE /* Release */,
			);
			defaultConfigurationIsVisible = 0;
			defaultConfigurationName = Release;
		};
		EDD34D69213AB5BF00C449DE /* Build configuration list for PBXNativeTarget "SKILL_TEST" */ = {
			isa = XCConfigurationList;
			buildConfigurations = (
				EDD34D6A213AB5BF00C449DE /* Debug */,
				EDD34D6B213AB5BF00C449DE /* Release */,
			);
			defaultConfigurationIsVisible = 0;
			defaultConfigurationName = Release;
		};
/* End XCConfigurationList section */

/* Begin XCVersionGroup section */
		EDD34D5E213AB5BD00C449DE /* SKILL_TEST.xcdatamodeld */ = {
			isa = XCVersionGroup;
			children = (
				EDD34D5F213AB5BD00C449DE /* SKILL_TEST.xcdatamodel */,
			);
			currentVersion = EDD34D5F213AB5BD00C449DE /* SKILL_TEST.xcdatamodel */;
			path = SKILL_TEST.xcdatamodeld;
			sourceTree = "<group>";
			versionGroupType = wrapper.xcdatamodel;
		};
/* End XCVersionGroup section */
	};
	rootObject = EDD34D4C213AB5BD00C449DE /* Project object */;
}
